// !$*UTF8*$!
{
	archiveVersion = 1;
	classes = {
	};
	objectVersion = 50;
	objects = {

/* Begin PBXBuildFile section */
		0CE78E1ADD84AB42B7DD2FF1 /* Pods_SwissBorgInterviewTask.framework in Frameworks */ = {isa = PBXBuildFile; fileRef = 7170D7160448666D2E1D6E98 /* Pods_SwissBorgInterviewTask.framework */; };
		870DC252226B32D300C3B0EE /* AppDelegate.swift in Sources */ = {isa = PBXBuildFile; fileRef = 870DC251226B32D300C3B0EE /* AppDelegate.swift */; };
		870DC254226B32D300C3B0EE /* ViewController.swift in Sources */ = {isa = PBXBuildFile; fileRef = 870DC253226B32D300C3B0EE /* ViewController.swift */; };
		870DC257226B32D300C3B0EE /* Main.storyboard in Resources */ = {isa = PBXBuildFile; fileRef = 870DC255226B32D300C3B0EE /* Main.storyboard */; };
		870DC259226B32D600C3B0EE /* Assets.xcassets in Resources */ = {isa = PBXBuildFile; fileRef = 870DC258226B32D600C3B0EE /* Assets.xcassets */; };
		870DC25C226B32D600C3B0EE /* LaunchScreen.storyboard in Resources */ = {isa = PBXBuildFile; fileRef = 870DC25A226B32D600C3B0EE /* LaunchScreen.storyboard */; };
		870DC264226B4CB800C3B0EE /* TableHeaderView.xib in Resources */ = {isa = PBXBuildFile; fileRef = 870DC263226B4CB800C3B0EE /* TableHeaderView.xib */; };
		870DC266226B4DE300C3B0EE /* TableHeaderView.swift in Sources */ = {isa = PBXBuildFile; fileRef = 870DC265226B4DE300C3B0EE /* TableHeaderView.swift */; };
		870DC268226B826200C3B0EE /* OrderBook.swift in Sources */ = {isa = PBXBuildFile; fileRef = 870DC267226B826200C3B0EE /* OrderBook.swift */; };
		870DC26A226B828A00C3B0EE /* OrderBookSubscribedEventResponse.swift in Sources */ = {isa = PBXBuildFile; fileRef = 870DC269226B828A00C3B0EE /* OrderBookSubscribedEventResponse.swift */; };
		870DC26C226B82A600C3B0EE /* OrderBooksEventRequest.swift in Sources */ = {isa = PBXBuildFile; fileRef = 870DC26B226B82A600C3B0EE /* OrderBooksEventRequest.swift */; };
		870DC26E226B82B500C3B0EE /* OrderBookUpdate.swift in Sources */ = {isa = PBXBuildFile; fileRef = 870DC26D226B82B500C3B0EE /* OrderBookUpdate.swift */; };
		870DC270226B82C400C3B0EE /* OrderBookSnapshot.swift in Sources */ = {isa = PBXBuildFile; fileRef = 870DC26F226B82C400C3B0EE /* OrderBookSnapshot.swift */; };
		870DC272226B82D200C3B0EE /* TickerEventRequest.swift in Sources */ = {isa = PBXBuildFile; fileRef = 870DC271226B82D200C3B0EE /* TickerEventRequest.swift */; };
		870DC274226B82DE00C3B0EE /* TickerEventResponse.swift in Sources */ = {isa = PBXBuildFile; fileRef = 870DC273226B82DE00C3B0EE /* TickerEventResponse.swift */; };
		870DC279226B835800C3B0EE /* BitfinexWSManager.swift in Sources */ = {isa = PBXBuildFile; fileRef = 870DC278226B835800C3B0EE /* BitfinexWSManager.swift */; };
		870DC27B226B872200C3B0EE /* BookingCell.swift in Sources */ = {isa = PBXBuildFile; fileRef = 870DC27A226B872200C3B0EE /* BookingCell.swift */; };
		870DC27E226B8D4D00C3B0EE /* OrderTransformer.swift in Sources */ = {isa = PBXBuildFile; fileRef = 870DC27D226B8D4D00C3B0EE /* OrderTransformer.swift */; };
		870DC280226B923F00C3B0EE /* BookinCellViewModel.swift in Sources */ = {isa = PBXBuildFile; fileRef = 870DC27F226B923E00C3B0EE /* BookinCellViewModel.swift */; };
		870DC282226B925700C3B0EE /* TableHeaderViewModel.swift in Sources */ = {isa = PBXBuildFile; fileRef = 870DC281226B925700C3B0EE /* TableHeaderViewModel.swift */; };
/* End PBXBuildFile section */

/* Begin PBXFileReference section */
		372A9439710495AFDE438A3A /* Pods-SwissBorgInterviewTask.release.xcconfig */ = {isa = PBXFileReference; includeInIndex = 1; lastKnownFileType = text.xcconfig; name = "Pods-SwissBorgInterviewTask.release.xcconfig"; path = "Target Support Files/Pods-SwissBorgInterviewTask/Pods-SwissBorgInterviewTask.release.xcconfig"; sourceTree = "<group>"; };
		7170D7160448666D2E1D6E98 /* Pods_SwissBorgInterviewTask.framework */ = {isa = PBXFileReference; explicitFileType = wrapper.framework; includeInIndex = 0; path = Pods_SwissBorgInterviewTask.framework; sourceTree = BUILT_PRODUCTS_DIR; };
		870DC24E226B32D300C3B0EE /* SwissBorgInterviewTask.app */ = {isa = PBXFileReference; explicitFileType = wrapper.application; includeInIndex = 0; path = SwissBorgInterviewTask.app; sourceTree = BUILT_PRODUCTS_DIR; };
		870DC251226B32D300C3B0EE /* AppDelegate.swift */ = {isa = PBXFileReference; lastKnownFileType = sourcecode.swift; path = AppDelegate.swift; sourceTree = "<group>"; };
		870DC253226B32D300C3B0EE /* ViewController.swift */ = {isa = PBXFileReference; lastKnownFileType = sourcecode.swift; path = ViewController.swift; sourceTree = "<group>"; };
		870DC256226B32D300C3B0EE /* Base */ = {isa = PBXFileReference; lastKnownFileType = file.storyboard; name = Base; path = Base.lproj/Main.storyboard; sourceTree = "<group>"; };
		870DC258226B32D600C3B0EE /* Assets.xcassets */ = {isa = PBXFileReference; lastKnownFileType = folder.assetcatalog; path = Assets.xcassets; sourceTree = "<group>"; };
		870DC25B226B32D600C3B0EE /* Base */ = {isa = PBXFileReference; lastKnownFileType = file.storyboard; name = Base; path = Base.lproj/LaunchScreen.storyboard; sourceTree = "<group>"; };
		870DC25D226B32D600C3B0EE /* Info.plist */ = {isa = PBXFileReference; lastKnownFileType = text.plist.xml; path = Info.plist; sourceTree = "<group>"; };
		870DC263226B4CB800C3B0EE /* TableHeaderView.xib */ = {isa = PBXFileReference; lastKnownFileType = file.xib; path = TableHeaderView.xib; sourceTree = "<group>"; };
		870DC265226B4DE300C3B0EE /* TableHeaderView.swift */ = {isa = PBXFileReference; lastKnownFileType = sourcecode.swift; path = TableHeaderView.swift; sourceTree = "<group>"; };
		870DC267226B826200C3B0EE /* OrderBook.swift */ = {isa = PBXFileReference; lastKnownFileType = sourcecode.swift; path = OrderBook.swift; sourceTree = "<group>"; };
		870DC269226B828A00C3B0EE /* OrderBookSubscribedEventResponse.swift */ = {isa = PBXFileReference; lastKnownFileType = sourcecode.swift; path = OrderBookSubscribedEventResponse.swift; sourceTree = "<group>"; };
		870DC26B226B82A600C3B0EE /* OrderBooksEventRequest.swift */ = {isa = PBXFileReference; lastKnownFileType = sourcecode.swift; path = OrderBooksEventRequest.swift; sourceTree = "<group>"; };
		870DC26D226B82B500C3B0EE /* OrderBookUpdate.swift */ = {isa = PBXFileReference; lastKnownFileType = sourcecode.swift; path = OrderBookUpdate.swift; sourceTree = "<group>"; };
		870DC26F226B82C400C3B0EE /* OrderBookSnapshot.swift */ = {isa = PBXFileReference; lastKnownFileType = sourcecode.swift; path = OrderBookSnapshot.swift; sourceTree = "<group>"; };
		870DC271226B82D200C3B0EE /* TickerEventRequest.swift */ = {isa = PBXFileReference; lastKnownFileType = sourcecode.swift; path = TickerEventRequest.swift; sourceTree = "<group>"; };
		870DC273226B82DE00C3B0EE /* TickerEventResponse.swift */ = {isa = PBXFileReference; lastKnownFileType = sourcecode.swift; path = TickerEventResponse.swift; sourceTree = "<group>"; };
		870DC278226B835800C3B0EE /* BitfinexWSManager.swift */ = {isa = PBXFileReference; lastKnownFileType = sourcecode.swift; path = BitfinexWSManager.swift; sourceTree = "<group>"; };
		870DC27A226B872200C3B0EE /* BookingCell.swift */ = {isa = PBXFileReference; lastKnownFileType = sourcecode.swift; path = BookingCell.swift; sourceTree = "<group>"; };
		870DC27D226B8D4D00C3B0EE /* OrderTransformer.swift */ = {isa = PBXFileReference; lastKnownFileType = sourcecode.swift; path = OrderTransformer.swift; sourceTree = "<group>"; };
		870DC27F226B923E00C3B0EE /* BookinCellViewModel.swift */ = {isa = PBXFileReference; lastKnownFileType = sourcecode.swift; path = BookinCellViewModel.swift; sourceTree = "<group>"; };
		870DC281226B925700C3B0EE /* TableHeaderViewModel.swift */ = {isa = PBXFileReference; lastKnownFileType = sourcecode.swift; path = TableHeaderViewModel.swift; sourceTree = "<group>"; };
		F6B2DC8193489878705A5252 /* Pods-SwissBorgInterviewTask.debug.xcconfig */ = {isa = PBXFileReference; includeInIndex = 1; lastKnownFileType = text.xcconfig; name = "Pods-SwissBorgInterviewTask.debug.xcconfig"; path = "Target Support Files/Pods-SwissBorgInterviewTask/Pods-SwissBorgInterviewTask.debug.xcconfig"; sourceTree = "<group>"; };
/* End PBXFileReference section */

/* Begin PBXFrameworksBuildPhase section */
		870DC24B226B32D300C3B0EE /* Frameworks */ = {
			isa = PBXFrameworksBuildPhase;
			buildActionMask = 2147483647;
			files = (
				0CE78E1ADD84AB42B7DD2FF1 /* Pods_SwissBorgInterviewTask.framework in Frameworks */,
			);
			runOnlyForDeploymentPostprocessing = 0;
		};
/* End PBXFrameworksBuildPhase section */

/* Begin PBXGroup section */
		42EBD34F1FF37D2A08102ECF /* Pods */ = {
			isa = PBXGroup;
			children = (
				F6B2DC8193489878705A5252 /* Pods-SwissBorgInterviewTask.debug.xcconfig */,
				372A9439710495AFDE438A3A /* Pods-SwissBorgInterviewTask.release.xcconfig */,
			);
			path = Pods;
			sourceTree = "<group>";
		};
		870DC245226B32D300C3B0EE = {
			isa = PBXGroup;
			children = (
				870DC250226B32D300C3B0EE /* SwissBorgInterviewTask */,
				870DC24F226B32D300C3B0EE /* Products */,
				42EBD34F1FF37D2A08102ECF /* Pods */,
				F0C06B13D1233C8B1B1F66CA /* Frameworks */,
			);
			sourceTree = "<group>";
		};
		870DC24F226B32D300C3B0EE /* Products */ = {
			isa = PBXGroup;
			children = (
				870DC24E226B32D300C3B0EE /* SwissBorgInterviewTask.app */,
			);
			name = Products;
			sourceTree = "<group>";
		};
		870DC250226B32D300C3B0EE /* SwissBorgInterviewTask */ = {
			isa = PBXGroup;
			children = (
				870DC251226B32D300C3B0EE /* AppDelegate.swift */,
				870DC253226B32D300C3B0EE /* ViewController.swift */,
				870DC27D226B8D4D00C3B0EE /* OrderTransformer.swift */,
				870DC278226B835800C3B0EE /* BitfinexWSManager.swift */,
				870DC283226B932200C3B0EE /* ViewModels */,
				870DC275226B82FB00C3B0EE /* Messages */,
				870DC27C226B877C00C3B0EE /* Views */,
				870DC258226B32D600C3B0EE /* Assets.xcassets */,
				870DC25A226B32D600C3B0EE /* LaunchScreen.storyboard */,
				870DC25D226B32D600C3B0EE /* Info.plist */,
			);
			path = SwissBorgInterviewTask;
			sourceTree = "<group>";
		};
		870DC275226B82FB00C3B0EE /* Messages */ = {
			isa = PBXGroup;
			children = (
				870DC276226B831600C3B0EE /* OrderBook */,
				870DC277226B832300C3B0EE /* Ticker */,
			);
			path = Messages;
			sourceTree = "<group>";
		};
		870DC276226B831600C3B0EE /* OrderBook */ = {
			isa = PBXGroup;
			children = (
				870DC269226B828A00C3B0EE /* OrderBookSubscribedEventResponse.swift */,
				870DC26B226B82A600C3B0EE /* OrderBooksEventRequest.swift */,
				870DC267226B826200C3B0EE /* OrderBook.swift */,
				870DC26D226B82B500C3B0EE /* OrderBookUpdate.swift */,
				870DC26F226B82C400C3B0EE /* OrderBookSnapshot.swift */,
			);
			path = OrderBook;
			sourceTree = "<group>";
		};
		870DC277226B832300C3B0EE /* Ticker */ = {
			isa = PBXGroup;
			children = (
				870DC271226B82D200C3B0EE /* TickerEventRequest.swift */,
				870DC273226B82DE00C3B0EE /* TickerEventResponse.swift */,
			);
			path = Ticker;
			sourceTree = "<group>";
		};
		870DC27C226B877C00C3B0EE /* Views */ = {
			isa = PBXGroup;
			children = (
				870DC263226B4CB800C3B0EE /* TableHeaderView.xib */,
				870DC265226B4DE300C3B0EE /* TableHeaderView.swift */,
				870DC27A226B872200C3B0EE /* BookingCell.swift */,
				870DC255226B32D300C3B0EE /* Main.storyboard */,
			);
			path = Views;
			sourceTree = "<group>";
		};
		870DC283226B932200C3B0EE /* ViewModels */ = {
			isa = PBXGroup;
			children = (
				870DC281226B925700C3B0EE /* TableHeaderViewModel.swift */,
				870DC27F226B923E00C3B0EE /* BookinCellViewModel.swift */,
			);
			path = ViewModels;
			sourceTree = "<group>";
		};
		F0C06B13D1233C8B1B1F66CA /* Frameworks */ = {
			isa = PBXGroup;
			children = (
				7170D7160448666D2E1D6E98 /* Pods_SwissBorgInterviewTask.framework */,
			);
			name = Frameworks;
			sourceTree = "<group>";
		};
/* End PBXGroup section */

/* Begin PBXNativeTarget section */
		870DC24D226B32D300C3B0EE /* SwissBorgInterviewTask */ = {
			isa = PBXNativeTarget;
			buildConfigurationList = 870DC260226B32D600C3B0EE /* Build configuration list for PBXNativeTarget "SwissBorgInterviewTask" */;
			buildPhases = (
				16933414D35F0B357A24EDB7 /* [CP] Check Pods Manifest.lock */,
				870DC24A226B32D300C3B0EE /* Sources */,
				870DC24B226B32D300C3B0EE /* Frameworks */,
				870DC24C226B32D300C3B0EE /* Resources */,
				7BA6050AD3D48CC1B4796D68 /* [CP] Embed Pods Frameworks */,
			);
			buildRules = (
			);
			dependencies = (
			);
			name = SwissBorgInterviewTask;
			productName = SwissBorgInterviewTask;
			productReference = 870DC24E226B32D300C3B0EE /* SwissBorgInterviewTask.app */;
			productType = "com.apple.product-type.application";
		};
/* End PBXNativeTarget section */

/* Begin PBXProject section */
		870DC246226B32D300C3B0EE /* Project object */ = {
			isa = PBXProject;
			attributes = {
				LastSwiftUpdateCheck = 1020;
				LastUpgradeCheck = 1020;
				ORGANIZATIONNAME = "Balogh István";
				TargetAttributes = {
					870DC24D226B32D300C3B0EE = {
						CreatedOnToolsVersion = 10.2.1;
					};
				};
			};
			buildConfigurationList = 870DC249226B32D300C3B0EE /* Build configuration list for PBXProject "SwissBorgInterviewTask" */;
			compatibilityVersion = "Xcode 9.3";
			developmentRegion = en;
			hasScannedForEncodings = 0;
			knownRegions = (
				en,
				Base,
			);
			mainGroup = 870DC245226B32D300C3B0EE;
			productRefGroup = 870DC24F226B32D300C3B0EE /* Products */;
			projectDirPath = "";
			projectRoot = "";
			targets = (
				870DC24D226B32D300C3B0EE /* SwissBorgInterviewTask */,
			);
		};
/* End PBXProject section */

/* Begin PBXResourcesBuildPhase section */
		870DC24C226B32D300C3B0EE /* Resources */ = {
			isa = PBXResourcesBuildPhase;
			buildActionMask = 2147483647;
			files = (
				870DC264226B4CB800C3B0EE /* TableHeaderView.xib in Resources */,
				870DC25C226B32D600C3B0EE /* LaunchScreen.storyboard in Resources */,
				870DC259226B32D600C3B0EE /* Assets.xcassets in Resources */,
				870DC257226B32D300C3B0EE /* Main.storyboard in Resources */,
			);
			runOnlyForDeploymentPostprocessing = 0;
		};
/* End PBXResourcesBuildPhase section */

/* Begin PBXShellScriptBuildPhase section */
		16933414D35F0B357A24EDB7 /* [CP] Check Pods Manifest.lock */ = {
			isa = PBXShellScriptBuildPhase;
			buildActionMask = 2147483647;
			files = (
			);
			inputFileListPaths = (
			);
			inputPaths = (
				"${PODS_PODFILE_DIR_PATH}/Podfile.lock",
				"${PODS_ROOT}/Manifest.lock",
			);
			name = "[CP] Check Pods Manifest.lock";
			outputFileListPaths = (
			);
			outputPaths = (
				"$(DERIVED_FILE_DIR)/Pods-SwissBorgInterviewTask-checkManifestLockResult.txt",
			);
			runOnlyForDeploymentPostprocessing = 0;
			shellPath = /bin/sh;
			shellScript = "diff \"${PODS_PODFILE_DIR_PATH}/Podfile.lock\" \"${PODS_ROOT}/Manifest.lock\" > /dev/null\nif [ $? != 0 ] ; then\n    # print error to STDERR\n    echo \"error: The sandbox is not in sync with the Podfile.lock. Run 'pod install' or update your CocoaPods installation.\" >&2\n    exit 1\nfi\n# This output is used by Xcode 'outputs' to avoid re-running this script phase.\necho \"SUCCESS\" > \"${SCRIPT_OUTPUT_FILE_0}\"\n";
			showEnvVarsInLog = 0;
		};
		7BA6050AD3D48CC1B4796D68 /* [CP] Embed Pods Frameworks */ = {
			isa = PBXShellScriptBuildPhase;
			buildActionMask = 2147483647;
			files = (
			);
			inputFileListPaths = (
			);
			inputPaths = (
				"${PODS_ROOT}/Target Support Files/Pods-SwissBorgInterviewTask/Pods-SwissBorgInterviewTask-frameworks.sh",
				"${BUILT_PRODUCTS_DIR}/Starscream/Starscream.framework",
			);
			name = "[CP] Embed Pods Frameworks";
			outputFileListPaths = (
			);
			outputPaths = (
				"${TARGET_BUILD_DIR}/${FRAMEWORKS_FOLDER_PATH}/Starscream.framework",
			);
			runOnlyForDeploymentPostprocessing = 0;
			shellPath = /bin/sh;
			shellScript = "\"${PODS_ROOT}/Target Support Files/Pods-SwissBorgInterviewTask/Pods-SwissBorgInterviewTask-frameworks.sh\"\n";
			showEnvVarsInLog = 0;
		};
/* End PBXShellScriptBuildPhase section */

/* Begin PBXSourcesBuildPhase section */
		870DC24A226B32D300C3B0EE /* Sources */ = {
			isa = PBXSourcesBuildPhase;
			buildActionMask = 2147483647;
			files = (
				870DC26A226B828A00C3B0EE /* OrderBookSubscribedEventResponse.swift in Sources */,
				870DC270226B82C400C3B0EE /* OrderBookSnapshot.swift in Sources */,
				870DC27E226B8D4D00C3B0EE /* OrderTransformer.swift in Sources */,
				870DC266226B4DE300C3B0EE /* TableHeaderView.swift in Sources */,
				870DC268226B826200C3B0EE /* OrderBook.swift in Sources */,
				870DC26E226B82B500C3B0EE /* OrderBookUpdate.swift in Sources */,
				870DC280226B923F00C3B0EE /* BookinCellViewModel.swift in Sources */,
				870DC27B226B872200C3B0EE /* BookingCell.swift in Sources */,
				870DC279226B835800C3B0EE /* BitfinexWSManager.swift in Sources */,
				870DC274226B82DE00C3B0EE /* TickerEventResponse.swift in Sources */,
				870DC254226B32D300C3B0EE /* ViewController.swift in Sources */,
				870DC272226B82D200C3B0EE /* TickerEventRequest.swift in Sources */,
				870DC26C226B82A600C3B0EE /* OrderBooksEventRequest.swift in Sources */,
				870DC252226B32D300C3B0EE /* AppDelegate.swift in Sources */,
				870DC282226B925700C3B0EE /* TableHeaderViewModel.swift in Sources */,
			);
			runOnlyForDeploymentPostprocessing = 0;
		};
/* End PBXSourcesBuildPhase section */

/* Begin PBXVariantGroup section */
		870DC255226B32D300C3B0EE /* Main.storyboard */ = {
			isa = PBXVariantGroup;
			children = (
				870DC256226B32D300C3B0EE /* Base */,
			);
			name = Main.storyboard;
			sourceTree = "<group>";
		};
		870DC25A226B32D600C3B0EE /* LaunchScreen.storyboard */ = {
			isa = PBXVariantGroup;
			children = (
				870DC25B226B32D600C3B0EE /* Base */,
			);
			name = LaunchScreen.storyboard;
			sourceTree = "<group>";
		};
/* End PBXVariantGroup section */

/* Begin XCBuildConfiguration section */
		870DC25E226B32D600C3B0EE /* Debug */ = {
			isa = XCBuildConfiguration;
			buildSettings = {
				ALWAYS_SEARCH_USER_PATHS = NO;
				CLANG_ANALYZER_NONNULL = YES;
				CLANG_ANALYZER_NUMBER_OBJECT_CONVERSION = YES_AGGRESSIVE;
				CLANG_CXX_LANGUAGE_STANDARD = "gnu++14";
				CLANG_CXX_LIBRARY = "libc++";
				CLANG_ENABLE_MODULES = YES;
				CLANG_ENABLE_OBJC_ARC = YES;
				CLANG_ENABLE_OBJC_WEAK = YES;
				CLANG_WARN_BLOCK_CAPTURE_AUTORELEASING = YES;
				CLANG_WARN_BOOL_CONVERSION = YES;
				CLANG_WARN_COMMA = YES;
				CLANG_WARN_CONSTANT_CONVERSION = YES;
				CLANG_WARN_DEPRECATED_OBJC_IMPLEMENTATIONS = YES;
				CLANG_WARN_DIRECT_OBJC_ISA_USAGE = YES_ERROR;
				CLANG_WARN_DOCUMENTATION_COMMENTS = YES;
				CLANG_WARN_EMPTY_BODY = YES;
				CLANG_WARN_ENUM_CONVERSION = YES;
				CLANG_WARN_INFINITE_RECURSION = YES;
				CLANG_WARN_INT_CONVERSION = YES;
				CLANG_WARN_NON_LITERAL_NULL_CONVERSION = YES;
				CLANG_WARN_OBJC_IMPLICIT_RETAIN_SELF = YES;
				CLANG_WARN_OBJC_LITERAL_CONVERSION = YES;
				CLANG_WARN_OBJC_ROOT_CLASS = YES_ERROR;
				CLANG_WARN_RANGE_LOOP_ANALYSIS = YES;
				CLANG_WARN_STRICT_PROTOTYPES = YES;
				CLANG_WARN_SUSPICIOUS_MOVE = YES;
				CLANG_WARN_UNGUARDED_AVAILABILITY = YES_AGGRESSIVE;
				CLANG_WARN_UNREACHABLE_CODE = YES;
				CLANG_WARN__DUPLICATE_METHOD_MATCH = YES;
				CODE_SIGN_IDENTITY = "iPhone Developer";
				COPY_PHASE_STRIP = NO;
				DEBUG_INFORMATION_FORMAT = dwarf;
				ENABLE_STRICT_OBJC_MSGSEND = YES;
				ENABLE_TESTABILITY = YES;
				GCC_C_LANGUAGE_STANDARD = gnu11;
				GCC_DYNAMIC_NO_PIC = NO;
				GCC_NO_COMMON_BLOCKS = YES;
				GCC_OPTIMIZATION_LEVEL = 0;
				GCC_PREPROCESSOR_DEFINITIONS = (
					"DEBUG=1",
					"$(inherited)",
				);
				GCC_WARN_64_TO_32_BIT_CONVERSION = YES;
				GCC_WARN_ABOUT_RETURN_TYPE = YES_ERROR;
				GCC_WARN_UNDECLARED_SELECTOR = YES;
				GCC_WARN_UNINITIALIZED_AUTOS = YES_AGGRESSIVE;
				GCC_WARN_UNUSED_FUNCTION = YES;
				GCC_WARN_UNUSED_VARIABLE = YES;
				IPHONEOS_DEPLOYMENT_TARGET = 12.2;
				MTL_ENABLE_DEBUG_INFO = INCLUDE_SOURCE;
				MTL_FAST_MATH = YES;
				ONLY_ACTIVE_ARCH = YES;
				SDKROOT = iphoneos;
				SWIFT_ACTIVE_COMPILATION_CONDITIONS = DEBUG;
				SWIFT_OPTIMIZATION_LEVEL = "-Onone";
			};
			name = Debug;
		};
		870DC25F226B32D600C3B0EE /* Release */ = {
			isa = XCBuildConfiguration;
			buildSettings = {
				ALWAYS_SEARCH_USER_PATHS = NO;
				CLANG_ANALYZER_NONNULL = YES;
				CLANG_ANALYZER_NUMBER_OBJECT_CONVERSION = YES_AGGRESSIVE;
				CLANG_CXX_LANGUAGE_STANDARD = "gnu++14";
				CLANG_CXX_LIBRARY = "libc++";
				CLANG_ENABLE_MODULES = YES;
				CLANG_ENABLE_OBJC_ARC = YES;
				CLANG_ENABLE_OBJC_WEAK = YES;
				CLANG_WARN_BLOCK_CAPTURE_AUTORELEASING = YES;
				CLANG_WARN_BOOL_CONVERSION = YES;
				CLANG_WARN_COMMA = YES;
				CLANG_WARN_CONSTANT_CONVERSION = YES;
				CLANG_WARN_DEPRECATED_OBJC_IMPLEMENTATIONS = YES;
				CLANG_WARN_DIRECT_OBJC_ISA_USAGE = YES_ERROR;
				CLANG_WARN_DOCUMENTATION_COMMENTS = YES;
				CLANG_WARN_EMPTY_BODY = YES;
				CLANG_WARN_ENUM_CONVERSION = YES;
				CLANG_WARN_INFINITE_RECURSION = YES;
				CLANG_WARN_INT_CONVERSION = YES;
				CLANG_WARN_NON_LITERAL_NULL_CONVERSION = YES;
				CLANG_WARN_OBJC_IMPLICIT_RETAIN_SELF = YES;
				CLANG_WARN_OBJC_LITERAL_CONVERSION = YES;
				CLANG_WARN_OBJC_ROOT_CLASS = YES_ERROR;
				CLANG_WARN_RANGE_LOOP_ANALYSIS = YES;
				CLANG_WARN_STRICT_PROTOTYPES = YES;
				CLANG_WARN_SUSPICIOUS_MOVE = YES;
				CLANG_WARN_UNGUARDED_AVAILABILITY = YES_AGGRESSIVE;
				CLANG_WARN_UNREACHABLE_CODE = YES;
				CLANG_WARN__DUPLICATE_METHOD_MATCH = YES;
				CODE_SIGN_IDENTITY = "iPhone Developer";
				COPY_PHASE_STRIP = NO;
				DEBUG_INFORMATION_FORMAT = "dwarf-with-dsym";
				ENABLE_NS_ASSERTIONS = NO;
				ENABLE_STRICT_OBJC_MSGSEND = YES;
				GCC_C_LANGUAGE_STANDARD = gnu11;
				GCC_NO_COMMON_BLOCKS = YES;
				GCC_WARN_64_TO_32_BIT_CONVERSION = YES;
				GCC_WARN_ABOUT_RETURN_TYPE = YES_ERROR;
				GCC_WARN_UNDECLARED_SELECTOR = YES;
				GCC_WARN_UNINITIALIZED_AUTOS = YES_AGGRESSIVE;
				GCC_WARN_UNUSED_FUNCTION = YES;
				GCC_WARN_UNUSED_VARIABLE = YES;
				IPHONEOS_DEPLOYMENT_TARGET = 12.2;
				MTL_ENABLE_DEBUG_INFO = NO;
				MTL_FAST_MATH = YES;
				SDKROOT = iphoneos;
				SWIFT_COMPILATION_MODE = wholemodule;
				SWIFT_OPTIMIZATION_LEVEL = "-O";
				VALIDATE_PRODUCT = YES;
			};
			name = Release;
		};
		870DC261226B32D600C3B0EE /* Debug */ = {
			isa = XCBuildConfiguration;
			baseConfigurationReference = F6B2DC8193489878705A5252 /* Pods-SwissBorgInterviewTask.debug.xcconfig */;
			buildSettings = {
				ASSETCATALOG_COMPILER_APPICON_NAME = AppIcon;
				CODE_SIGN_STYLE = Automatic;
				INFOPLIST_FILE = SwissBorgInterviewTask/Info.plist;
				LD_RUNPATH_SEARCH_PATHS = (
					"$(inherited)",
					"@executable_path/Frameworks",
				);
				PRODUCT_BUNDLE_IDENTIFIER = com.balogh.SwissBorgInterviewTask;
				PRODUCT_NAME = "$(TARGET_NAME)";
				SWIFT_VERSION = 5.0;
				TARGETED_DEVICE_FAMILY = "1,2";
			};
			name = Debug;
		};
		870DC262226B32D600C3B0EE /* Release */ = {
			isa = XCBuildConfiguration;
			baseConfigurationReference = 372A9439710495AFDE438A3A /* Pods-SwissBorgInterviewTask.release.xcconfig */;
			buildSettings = {
				ASSETCATALOG_COMPILER_APPICON_NAME = AppIcon;
				CODE_SIGN_STYLE = Automatic;
				INFOPLIST_FILE = SwissBorgInterviewTask/Info.plist;
				LD_RUNPATH_SEARCH_PATHS = (
					"$(inherited)",
					"@executable_path/Frameworks",
				);
				PRODUCT_BUNDLE_IDENTIFIER = com.balogh.SwissBorgInterviewTask;
				PRODUCT_NAME = "$(TARGET_NAME)";
				SWIFT_VERSION = 5.0;
				TARGETED_DEVICE_FAMILY = "1,2";
			};
			name = Release;
		};
/* End XCBuildConfiguration section */

/* Begin XCConfigurationList section */
		870DC249226B32D300C3B0EE /* Build configuration list for PBXProject "SwissBorgInterviewTask" */ = {
			isa = XCConfigurationList;
			buildConfigurations = (
				870DC25E226B32D600C3B0EE /* Debug */,
				870DC25F226B32D600C3B0EE /* Release */,
			);
			defaultConfigurationIsVisible = 0;
			defaultConfigurationName = Release;
		};
		870DC260226B32D600C3B0EE /* Build configuration list for PBXNativeTarget "SwissBorgInterviewTask" */ = {
			isa = XCConfigurationList;
			buildConfigurations = (
				870DC261226B32D600C3B0EE /* Debug */,
				870DC262226B32D600C3B0EE /* Release */,
			);
			defaultConfigurationIsVisible = 0;
			defaultConfigurationName = Release;
		};
/* End XCConfigurationList section */
	};
	rootObject = 870DC246226B32D300C3B0EE /* Project object */;
}
